Microsoft Visual Studio Solution File, Format Version 11.00
# Visual Studio 2008

Project("{A9FF0FF2-659C-51E0-9F7D-79A2EB93EE5C}") = "RoundSimulator", "Assembly-CSharp-firstpass.csproj", "{0BB35701-CAAF-430B-8E78-EAA917CCBD95}"
EndProject
Project("{A9FF0FF2-659C-51E0-9F7D-79A2EB93EE5C}") = "RoundSimulator", "Assembly-CSharp.csproj", "{40AD1CE4-78CD-8B49-09F8-D87A26C5C7C1}"
EndProject
Project("{A9FF0FF2-659C-51E0-9F7D-79A2EB93EE5C}") = "RoundSimulator", "Assembly-UnityScript-firstpass.unityproj", "{8CCC5CC6-AA11-D687-BD82-80E666B5551B}"
EndProject
Global
	GlobalSection(SolutionConfigurationPlatforms) = preSolution
		Debug|Any CPU = Debug|Any CPU
		Release|Any CPU = Release|Any CPU
	EndGlobalSection
	GlobalSection(ProjectConfigurationPlatforms) = postSolution
		{0BB35701-CAAF-430B-8E78-EAA917CCBD95}.Debug|Any CPU.ActiveCfg = Debug|Any CPU
		{0BB35701-CAAF-430B-8E78-EAA917CCBD95}.Debug|Any CPU.Build.0 = Debug|Any CPU
		{0BB35701-CAAF-430B-8E78-EAA917CCBD95}.Release|Any CPU.ActiveCfg = Release|Any CPU
		{0BB35701-CAAF-430B-8E78-EAA917CCBD95}.Release|Any CPU.Build.0 = Release|Any CPU
		{40AD1CE4-78CD-8B49-09F8-D87A26C5C7C1}.Debug|Any CPU.ActiveCfg = Debug|Any CPU
		{40AD1CE4-78CD-8B49-09F8-D87A26C5C7C1}.Debug|Any CPU.Build.0 = Debug|Any CPU
		{40AD1CE4-78CD-8B49-09F8-D87A26C5C7C1}.Release|Any CPU.ActiveCfg = Release|Any CPU
		{40AD1CE4-78CD-8B49-09F8-D87A26C5C7C1}.Release|Any CPU.Build.0 = Release|Any CPU
		{8CCC5CC6-AA11-D687-BD82-80E666B5551B}.Debug|Any CPU.ActiveCfg = Debug|Any CPU
		{8CCC5CC6-AA11-D687-BD82-80E666B5551B}.Debug|Any CPU.Build.0 = Debug|Any CPU
		{8CCC5CC6-AA11-D687-BD82-80E666B5551B}.Release|Any CPU.ActiveCfg = Release|Any CPU
		{8CCC5CC6-AA11-D687-BD82-80E666B5551B}.Release|Any CPU.Build.0 = Release|Any CPU
	EndGlobalSection
	GlobalSection(SolutionProperties) = preSolution
		HideSolutionNode = FALSE
	EndGlobalSection
																																																																																													GlobalSection(MonoDevelopProperties) = preSolution
=======
																																								GlobalSection(MonoDevelopProperties) = preSolution
>>>>>>> FETCH_HEAD
=======
																								GlobalSection(MonoDevelopProperties) = preSolution
																						GlobalSection(MonoDevelopProperties) = preSolution
>>>>>>> FETCH_HEAD
		StartupItem = Assembly-CSharp.csproj
		Policies = $0
		$0.TextStylePolicy = $1
		$1.inheritsSet = null
		$1.scope = text/x-csharp
		$0.CSharpFormattingPolicy = $2
		$2.inheritsSet = Mono
		$2.inheritsScope = text/x-csharp
		$2.scope = text/x-csharp
		$0.TextStylePolicy = $3
		$3.FileWidth = 120
		$3.TabWidth = 4
		$3.EolMarker = Unix
		$3.inheritsSet = Mono
		$3.inheritsScope = text/plain
		$3.scope = text/plain
	EndGlobalSection

EndGlobal
